
Microsoft Visual Studio Solution File, Format Version 12.00
# Visual Studio Version 17
VisualStudioVersion = 17.11.35219.272
MinimumVisualStudioVersion = 10.0.40219.1
Project("{FAE04EC0-301F-11D3-BF4B-00C04F79EFBC}") = "examProject", "examProject\examProject.csproj", "{CA9D8EED-F9B0-4B8E-9B93-121BA264C3FC}"
EndProject
Global
	GlobalSection(SolutionConfigurationPlatforms) = preSolution
		Debug|Any CPU = Debug|Any CPU
		Release|Any CPU = Release|Any CPU
	EndGlobalSection
	GlobalSection(ProjectConfigurationPlatforms) = postSolution
		{CA9D8EED-F9B0-4B8E-9B93-121BA264C3FC}.Debug|Any CPU.ActiveCfg = Debug|Any CPU
		{CA9D8EED-F9B0-4B8E-9B93-121BA264C3FC}.Debug|Any CPU.Build.0 = Debug|Any CPU
		{CA9D8EED-F9B0-4B8E-9B93-121BA264C3FC}.Release|Any CPU.ActiveCfg = Release|Any CPU
		{CA9D8EED-F9B0-4B8E-9B93-121BA264C3FC}.Release|Any CPU.Build.0 = Release|Any CPU
	EndGlobalSection
	GlobalSection(SolutionProperties) = preSolution
		HideSolutionNode = FALSE
	EndGlobalSection
	GlobalSection(ExtensibilityGlobals) = postSolution
		SolutionGuid = {9D59C54C-7B35-43ED-9E9A-88B17C32FB88}
	EndGlobalSection
EndGlobal
